// !$*UTF8*$!
{
	archiveVersion = 1;
	classes = {
	};
	objectVersion = 46;
	objects = {

/* Begin PBXBuildFile section */
		4FDAB0EA1BA784A8009931F8 /* AppDelegate.swift in Sources */ = {isa = PBXBuildFile; fileRef = 4FDAB0E91BA784A8009931F8 /* AppDelegate.swift */; };
		4FDAB0EC1BA784A8009931F8 /* MasterViewController.swift in Sources */ = {isa = PBXBuildFile; fileRef = 4FDAB0EB1BA784A8009931F8 /* MasterViewController.swift */; };
		4FDAB0EE1BA784A8009931F8 /* DetailViewController.swift in Sources */ = {isa = PBXBuildFile; fileRef = 4FDAB0ED1BA784A8009931F8 /* DetailViewController.swift */; };
		4FDAB0F11BA784A8009931F8 /* Main.storyboard in Resources */ = {isa = PBXBuildFile; fileRef = 4FDAB0EF1BA784A8009931F8 /* Main.storyboard */; };
		4FDAB0F31BA784A8009931F8 /* Assets.xcassets in Resources */ = {isa = PBXBuildFile; fileRef = 4FDAB0F21BA784A8009931F8 /* Assets.xcassets */; };
		4FDAB0F61BA784A8009931F8 /* LaunchScreen.storyboard in Resources */ = {isa = PBXBuildFile; fileRef = 4FDAB0F41BA784A8009931F8 /* LaunchScreen.storyboard */; };
		4FDAB1011BA784A8009931F8 /* FirstGithubTests.swift in Sources */ = {isa = PBXBuildFile; fileRef = 4FDAB1001BA784A8009931F8 /* FirstGithubTests.swift */; };
		4FDAB10C1BA784A8009931F8 /* FirstGithubUITests.swift in Sources */ = {isa = PBXBuildFile; fileRef = 4FDAB10B1BA784A8009931F8 /* FirstGithubUITests.swift */; };
/* End PBXBuildFile section */

/* Begin PBXContainerItemProxy section */
		4FDAB0FD1BA784A8009931F8 /* PBXContainerItemProxy */ = {
			isa = PBXContainerItemProxy;
			containerPortal = 4FDAB0DE1BA784A8009931F8 /* Project object */;
			proxyType = 1;
			remoteGlobalIDString = 4FDAB0E51BA784A8009931F8;
			remoteInfo = FirstGithub;
		};
		4FDAB1081BA784A8009931F8 /* PBXContainerItemProxy */ = {
			isa = PBXContainerItemProxy;
			containerPortal = 4FDAB0DE1BA784A8009931F8 /* Project object */;
			proxyType = 1;
			remoteGlobalIDString = 4FDAB0E51BA784A8009931F8;
			remoteInfo = FirstGithub;
		};
/* End PBXContainerItemProxy section */

/* Begin PBXFileReference section */
		4FDAB0E61BA784A8009931F8 /* FirstGithub.app */ = {isa = PBXFileReference; explicitFileType = wrapper.application; includeInIndex = 0; path = FirstGithub.app; sourceTree = BUILT_PRODUCTS_DIR; };
		4FDAB0E91BA784A8009931F8 /* AppDelegate.swift */ = {isa = PBXFileReference; lastKnownFileType = sourcecode.swift; path = AppDelegate.swift; sourceTree = "<group>"; };
		4FDAB0EB1BA784A8009931F8 /* MasterViewController.swift */ = {isa = PBXFileReference; lastKnownFileType = sourcecode.swift; path = MasterViewController.swift; sourceTree = "<group>"; };
		4FDAB0ED1BA784A8009931F8 /* DetailViewController.swift */ = {isa = PBXFileReference; lastKnownFileType = sourcecode.swift; path = DetailViewController.swift; sourceTree = "<group>"; };
		4FDAB0F01BA784A8009931F8 /* Base */ = {isa = PBXFileReference; lastKnownFileType = file.storyboard; name = Base; path = Base.lproj/Main.storyboard; sourceTree = "<group>"; };
		4FDAB0F21BA784A8009931F8 /* Assets.xcassets */ = {isa = PBXFileReference; lastKnownFileType = folder.assetcatalog; path = Assets.xcassets; sourceTree = "<group>"; };
		4FDAB0F51BA784A8009931F8 /* Base */ = {isa = PBXFileReference; lastKnownFileType = file.storyboard; name = Base; path = Base.lproj/LaunchScreen.storyboard; sourceTree = "<group>"; };
		4FDAB0F71BA784A8009931F8 /* Info.plist */ = {isa = PBXFileReference; lastKnownFileType = text.plist.xml; path = Info.plist; sourceTree = "<group>"; };
		4FDAB0FC1BA784A8009931F8 /* FirstGithubTests.xctest */ = {isa = PBXFileReference; explicitFileType = wrapper.cfbundle; includeInIndex = 0; path = FirstGithubTests.xctest; sourceTree = BUILT_PRODUCTS_DIR; };
		4FDAB1001BA784A8009931F8 /* FirstGithubTests.swift */ = {isa = PBXFileReference; lastKnownFileType = sourcecode.swift; path = FirstGithubTests.swift; sourceTree = "<group>"; };
		4FDAB1021BA784A8009931F8 /* Info.plist */ = {isa = PBXFileReference; lastKnownFileType = text.plist.xml; path = Info.plist; sourceTree = "<group>"; };
		4FDAB1071BA784A8009931F8 /* FirstGithubUITests.xctest */ = {isa = PBXFileReference; explicitFileType = wrapper.cfbundle; includeInIndex = 0; path = FirstGithubUITests.xctest; sourceTree = BUILT_PRODUCTS_DIR; };
		4FDAB10B1BA784A8009931F8 /* FirstGithubUITests.swift */ = {isa = PBXFileReference; lastKnownFileType = sourcecode.swift; path = FirstGithubUITests.swift; sourceTree = "<group>"; };
		4FDAB10D1BA784A8009931F8 /* Info.plist */ = {isa = PBXFileReference; lastKnownFileType = text.plist.xml; path = Info.plist; sourceTree = "<group>"; };
/* End PBXFileReference section */

/* Begin PBXFrameworksBuildPhase section */
		4FDAB0E31BA784A8009931F8 /* Frameworks */ = {
			isa = PBXFrameworksBuildPhase;
			buildActionMask = 2147483647;
			files = (
			);
			runOnlyForDeploymentPostprocessing = 0;
		};
		4FDAB0F91BA784A8009931F8 /* Frameworks */ = {
			isa = PBXFrameworksBuildPhase;
			buildActionMask = 2147483647;
			files = (
			);
			runOnlyForDeploymentPostprocessing = 0;
		};
		4FDAB1041BA784A8009931F8 /* Frameworks */ = {
			isa = PBXFrameworksBuildPhase;
			buildActionMask = 2147483647;
			files = (
			);
			runOnlyForDeploymentPostprocessing = 0;
		};
/* End PBXFrameworksBuildPhase section */

/* Begin PBXGroup section */
		4FDAB0DD1BA784A7009931F8 = {
			isa = PBXGroup;
			children = (
				4FDAB0E81BA784A8009931F8 /* FirstGithub */,
				4FDAB0FF1BA784A8009931F8 /* FirstGithubTests */,
				4FDAB10A1BA784A8009931F8 /* FirstGithubUITests */,
				4FDAB0E71BA784A8009931F8 /* Products */,
			);
			sourceTree = "<group>";
		};
		4FDAB0E71BA784A8009931F8 /* Products */ = {
			isa = PBXGroup;
			children = (
				4FDAB0E61BA784A8009931F8 /* FirstGithub.app */,
				4FDAB0FC1BA784A8009931F8 /* FirstGithubTests.xctest */,
				4FDAB1071BA784A8009931F8 /* FirstGithubUITests.xctest */,
			);
			name = Products;
			sourceTree = "<group>";
		};
		4FDAB0E81BA784A8009931F8 /* FirstGithub */ = {
			isa = PBXGroup;
			children = (
				4FDAB0E91BA784A8009931F8 /* AppDelegate.swift */,
				4FDAB0EB1BA784A8009931F8 /* MasterViewController.swift */,
				4FDAB0ED1BA784A8009931F8 /* DetailViewController.swift */,
				4FDAB0EF1BA784A8009931F8 /* Main.storyboard */,
				4FDAB0F21BA784A8009931F8 /* Assets.xcassets */,
				4FDAB0F41BA784A8009931F8 /* LaunchScreen.storyboard */,
				4FDAB0F71BA784A8009931F8 /* Info.plist */,
			);
			path = FirstGithub;
			sourceTree = "<group>";
		};
		4FDAB0FF1BA784A8009931F8 /* FirstGithubTests */ = {
			isa = PBXGroup;
			children = (
				4FDAB1001BA784A8009931F8 /* FirstGithubTests.swift */,
				4FDAB1021BA784A8009931F8 /* Info.plist */,
			);
			path = FirstGithubTests;
			sourceTree = "<group>";
		};
		4FDAB10A1BA784A8009931F8 /* FirstGithubUITests */ = {
			isa = PBXGroup;
			children = (
				4FDAB10B1BA784A8009931F8 /* FirstGithubUITests.swift */,
				4FDAB10D1BA784A8009931F8 /* Info.plist */,
			);
			path = FirstGithubUITests;
			sourceTree = "<group>";
		};
/* End PBXGroup section */

/* Begin PBXNativeTarget section */
		4FDAB0E51BA784A8009931F8 /* FirstGithub */ = {
			isa = PBXNativeTarget;
			buildConfigurationList = 4FDAB1101BA784A8009931F8 /* Build configuration list for PBXNativeTarget "FirstGithub" */;
			buildPhases = (
				4FDAB0E21BA784A8009931F8 /* Sources */,
				4FDAB0E31BA784A8009931F8 /* Frameworks */,
				4FDAB0E41BA784A8009931F8 /* Resources */,
			);
			buildRules = (
			);
			dependencies = (
			);
			name = FirstGithub;
			productName = FirstGithub;
			productReference = 4FDAB0E61BA784A8009931F8 /* FirstGithub.app */;
			productType = "com.apple.product-type.application";
		};
		4FDAB0FB1BA784A8009931F8 /* FirstGithubTests */ = {
			isa = PBXNativeTarget;
			buildConfigurationList = 4FDAB1131BA784A8009931F8 /* Build configuration list for PBXNativeTarget "FirstGithubTests" */;
			buildPhases = (
				4FDAB0F81BA784A8009931F8 /* Sources */,
				4FDAB0F91BA784A8009931F8 /* Frameworks */,
				4FDAB0FA1BA784A8009931F8 /* Resources */,
			);
			buildRules = (
			);
			dependencies = (
				4FDAB0FE1BA784A8009931F8 /* PBXTargetDependency */,
			);
			name = FirstGithubTests;
			productName = FirstGithubTests;
			productReference = 4FDAB0FC1BA784A8009931F8 /* FirstGithubTests.xctest */;
			productType = "com.apple.product-type.bundle.unit-test";
		};
		4FDAB1061BA784A8009931F8 /* FirstGithubUITests */ = {
			isa = PBXNativeTarget;
			buildConfigurationList = 4FDAB1161BA784A8009931F8 /* Build configuration list for PBXNativeTarget "FirstGithubUITests" */;
			buildPhases = (
				4FDAB1031BA784A8009931F8 /* Sources */,
				4FDAB1041BA784A8009931F8 /* Frameworks */,
				4FDAB1051BA784A8009931F8 /* Resources */,
			);
			buildRules = (
			);
			dependencies = (
				4FDAB1091BA784A8009931F8 /* PBXTargetDependency */,
			);
			name = FirstGithubUITests;
			productName = FirstGithubUITests;
			productReference = 4FDAB1071BA784A8009931F8 /* FirstGithubUITests.xctest */;
			productType = "com.apple.product-type.bundle.ui-testing";
		};
/* End PBXNativeTarget section */

/* Begin PBXProject section */
		4FDAB0DE1BA784A8009931F8 /* Project object */ = {
			isa = PBXProject;
			attributes = {
				LastUpgradeCheck = 0700;
				ORGANIZATIONNAME = "Rock Valley College";
				TargetAttributes = {
					4FDAB0E51BA784A8009931F8 = {
						CreatedOnToolsVersion = 7.0;
						DevelopmentTeam = VYG72UKP78;
					};
					4FDAB0FB1BA784A8009931F8 = {
						CreatedOnToolsVersion = 7.0;
						DevelopmentTeam = VYG72UKP78;
						TestTargetID = 4FDAB0E51BA784A8009931F8;
					};
					4FDAB1061BA784A8009931F8 = {
						CreatedOnToolsVersion = 7.0;
						DevelopmentTeam = VYG72UKP78;
						TestTargetID = 4FDAB0E51BA784A8009931F8;
					};
				};
			};
			buildConfigurationList = 4FDAB0E11BA784A8009931F8 /* Build configuration list for PBXProject "FirstGithub" */;
			compatibilityVersion = "Xcode 3.2";
			developmentRegion = English;
			hasScannedForEncodings = 0;
			knownRegions = (
				en,
				Base,
			);
			mainGroup = 4FDAB0DD1BA784A7009931F8;
			productRefGroup = 4FDAB0E71BA784A8009931F8 /* Products */;
			projectDirPath = "";
			projectRoot = "";
			targets = (
				4FDAB0E51BA784A8009931F8 /* FirstGithub */,
				4FDAB0FB1BA784A8009931F8 /* FirstGithubTests */,
				4FDAB1061BA784A8009931F8 /* FirstGithubUITests */,
			);
		};
/* End PBXProject section */

/* Begin PBXResourcesBuildPhase section */
		4FDAB0E41BA784A8009931F8 /* Resources */ = {
			isa = PBXResourcesBuildPhase;
			buildActionMask = 2147483647;
			files = (
				4FDAB0F61BA784A8009931F8 /* LaunchScreen.storyboard in Resources */,
				4FDAB0F31BA784A8009931F8 /* Assets.xcassets in Resources */,
				4FDAB0F11BA784A8009931F8 /* Main.storyboard in Resources */,
			);
			runOnlyForDeploymentPostprocessing = 0;
		};
		4FDAB0FA1BA784A8009931F8 /* Resources */ = {
			isa = PBXResourcesBuildPhase;
			buildActionMask = 2147483647;
			files = (
			);
			runOnlyForDeploymentPostprocessing = 0;
		};
		4FDAB1051BA784A8009931F8 /* Resources */ = {
			isa = PBXResourcesBuildPhase;
			buildActionMask = 2147483647;
			files = (
			);
			runOnlyForDeploymentPostprocessing = 0;
		};
/* End PBXResourcesBuildPhase section */

/* Begin PBXSourcesBuildPhase section */
		4FDAB0E21BA784A8009931F8 /* Sources */ = {
			isa = PBXSourcesBuildPhase;
			buildActionMask = 2147483647;
			files = (
				4FDAB0EE1BA784A8009931F8 /* DetailViewController.swift in Sources */,
				4FDAB0EC1BA784A8009931F8 /* MasterViewController.swift in Sources */,
				4FDAB0EA1BA784A8009931F8 /* AppDelegate.swift in Sources */,
			);
			runOnlyForDeploymentPostprocessing = 0;
		};
		4FDAB0F81BA784A8009931F8 /* Sources */ = {
			isa = PBXSourcesBuildPhase;
			buildActionMask = 2147483647;
			files = (
				4FDAB1011BA784A8009931F8 /* FirstGithubTests.swift in Sources */,
			);
			runOnlyForDeploymentPostprocessing = 0;
		};
		4FDAB1031BA784A8009931F8 /* Sources */ = {
			isa = PBXSourcesBuildPhase;
			buildActionMask = 2147483647;
			files = (
				4FDAB10C1BA784A8009931F8 /* FirstGithubUITests.swift in Sources */,
			);
			runOnlyForDeploymentPostprocessing = 0;
		};
/* End PBXSourcesBuildPhase section */

/* Begin PBXTargetDependency section */
		4FDAB0FE1BA784A8009931F8 /* PBXTargetDependency */ = {
			isa = PBXTargetDependency;
			target = 4FDAB0E51BA784A8009931F8 /* FirstGithub */;
			targetProxy = 4FDAB0FD1BA784A8009931F8 /* PBXContainerItemProxy */;
		};
		4FDAB1091BA784A8009931F8 /* PBXTargetDependency */ = {
			isa = PBXTargetDependency;
			target = 4FDAB0E51BA784A8009931F8 /* FirstGithub */;
			targetProxy = 4FDAB1081BA784A8009931F8 /* PBXContainerItemProxy */;
		};
/* End PBXTargetDependency section */

/* Begin PBXVariantGroup section */
		4FDAB0EF1BA784A8009931F8 /* Main.storyboard */ = {
			isa = PBXVariantGroup;
			children = (
				4FDAB0F01BA784A8009931F8 /* Base */,
			);
			name = Main.storyboard;
			sourceTree = "<group>";
		};
		4FDAB0F41BA784A8009931F8 /* LaunchScreen.storyboard */ = {
			isa = PBXVariantGroup;
			children = (
				4FDAB0F51BA784A8009931F8 /* Base */,
			);
			name = LaunchScreen.storyboard;
			sourceTree = "<group>";
		};
/* End PBXVariantGroup section */

/* Begin XCBuildConfiguration section */
		4FDAB10E1BA784A8009931F8 /* Debug */ = {
			isa = XCBuildConfiguration;
			buildSettings = {
				ALWAYS_SEARCH_USER_PATHS = NO;
				CLANG_CXX_LANGUAGE_STANDARD = "gnu++0x";
				CLANG_CXX_LIBRARY = "libc++";
				CLANG_ENABLE_MODULES = YES;
				CLANG_ENABLE_OBJC_ARC = YES;
				CLANG_WARN_BOOL_CONVERSION = YES;
				CLANG_WARN_CONSTANT_CONVERSION = YES;
				CLANG_WARN_DIRECT_OBJC_ISA_USAGE = YES_ERROR;
				CLANG_WARN_EMPTY_BODY = YES;
				CLANG_WARN_ENUM_CONVERSION = YES;
				CLANG_WARN_INT_CONVERSION = YES;
				CLANG_WARN_OBJC_ROOT_CLASS = YES_ERROR;
				CLANG_WARN_UNREACHABLE_CODE = YES;
				CLANG_WARN__DUPLICATE_METHOD_MATCH = YES;
				"CODE_SIGN_IDENTITY[sdk=iphoneos*]" = "iPhone Developer";
				COPY_PHASE_STRIP = NO;
				DEBUG_INFORMATION_FORMAT = dwarf;
				ENABLE_STRICT_OBJC_MSGSEND = YES;
				ENABLE_TESTABILITY = YES;
				GCC_C_LANGUAGE_STANDARD = gnu99;
				GCC_DYNAMIC_NO_PIC = NO;
				GCC_NO_COMMON_BLOCKS = YES;
				GCC_OPTIMIZATION_LEVEL = 0;
				GCC_PREPROCESSOR_DEFINITIONS = (
					"DEBUG=1",
					"$(inherited)",
				);
				GCC_WARN_64_TO_32_BIT_CONVERSION = YES;
				GCC_WARN_ABOUT_RETURN_TYPE = YES_ERROR;
				GCC_WARN_UNDECLARED_SELECTOR = YES;
				GCC_WARN_UNINITIALIZED_AUTOS = YES_AGGRESSIVE;
				GCC_WARN_UNUSED_FUNCTION = YES;
				GCC_WARN_UNUSED_VARIABLE = YES;
				IPHONEOS_DEPLOYMENT_TARGET = 9.0;
				MTL_ENABLE_DEBUG_INFO = YES;
				ONLY_ACTIVE_ARCH = YES;
				SDKROOT = iphoneos;
				SWIFT_OPTIMIZATION_LEVEL = "-Onone";
			};
			name = Debug;
		};
		4FDAB10F1BA784A8009931F8 /* Release */ = {
			isa = XCBuildConfiguration;
			buildSettings = {
				ALWAYS_SEARCH_USER_PATHS = NO;
				CLANG_CXX_LANGUAGE_STANDARD = "gnu++0x";
				CLANG_CXX_LIBRARY = "libc++";
				CLANG_ENABLE_MODULES = YES;
				CLANG_ENABLE_OBJC_ARC = YES;
				CLANG_WARN_BOOL_CONVERSION = YES;
				CLANG_WARN_CONSTANT_CONVERSION = YES;
				CLANG_WARN_DIRECT_OBJC_ISA_USAGE = YES_ERROR;
				CLANG_WARN_EMPTY_BODY = YES;
				CLANG_WARN_ENUM_CONVERSION = YES;
				CLANG_WARN_INT_CONVERSION = YES;
				CLANG_WARN_OBJC_ROOT_CLASS = YES_ERROR;
				CLANG_WARN_UNREACHABLE_CODE = YES;
				CLANG_WARN__DUPLICATE_METHOD_MATCH = YES;
				"CODE_SIGN_IDENTITY[sdk=iphoneos*]" = "iPhone Developer";
				COPY_PHASE_STRIP = NO;
				DEBUG_INFORMATION_FORMAT = "dwarf-with-dsym";
				ENABLE_NS_ASSERTIONS = NO;
				ENABLE_STRICT_OBJC_MSGSEND = YES;
				GCC_C_LANGUAGE_STANDARD = gnu99;
				GCC_NO_COMMON_BLOCKS = YES;
				GCC_WARN_64_TO_32_BIT_CONVERSION = YES;
				GCC_WARN_ABOUT_RETURN_TYPE = YES_ERROR;
				GCC_WARN_UNDECLARED_SELECTOR = YES;
				GCC_WARN_UNINITIALIZED_AUTOS = YES_AGGRESSIVE;
				GCC_WARN_UNUSED_FUNCTION = YES;
				GCC_WARN_UNUSED_VARIABLE = YES;
				IPHONEOS_DEPLOYMENT_TARGET = 9.0;
				MTL_ENABLE_DEBUG_INFO = NO;
				SDKROOT = iphoneos;
				VALIDATE_PRODUCT = YES;
			};
			name = Release;
		};
		4FDAB1111BA784A8009931F8 /* Debug */ = {
			isa = XCBuildConfiguration;
			buildSettings = {
				ASSETCATALOG_COMPILER_APPICON_NAME = AppIcon;
				INFOPLIST_FILE = FirstGithub/Info.plist;
				LD_RUNPATH_SEARCH_PATHS = "$(inherited) @executable_path/Frameworks";
				PRODUCT_BUNDLE_IDENTIFIER = edu.rockvalleycollege.FirstGithub;
				PRODUCT_NAME = "$(TARGET_NAME)";
			};
			name = Debug;
		};
		4FDAB1121BA784A8009931F8 /* Release */ = {
			isa = XCBuildConfiguration;
			buildSettings = {
				ASSETCATALOG_COMPILER_APPICON_NAME = AppIcon;
				INFOPLIST_FILE = FirstGithub/Info.plist;
				LD_RUNPATH_SEARCH_PATHS = "$(inherited) @executable_path/Frameworks";
				PRODUCT_BUNDLE_IDENTIFIER = edu.rockvalleycollege.FirstGithub;
				PRODUCT_NAME = "$(TARGET_NAME)";
			};
			name = Release;
		};
		4FDAB1141BA784A8009931F8 /* Debug */ = {
			isa = XCBuildConfiguration;
			buildSettings = {
				BUNDLE_LOADER = "$(TEST_HOST)";
				INFOPLIST_FILE = FirstGithubTests/Info.plist;
				LD_RUNPATH_SEARCH_PATHS = "$(inherited) @executable_path/Frameworks @loader_path/Frameworks";
				PRODUCT_BUNDLE_IDENTIFIER = edu.rockvalleycollege.FirstGithubTests;
				PRODUCT_NAME = "$(TARGET_NAME)";
				TEST_HOST = "$(BUILT_PRODUCTS_DIR)/FirstGithub.app/FirstGithub";
			};
			name = Debug;
		};
		4FDAB1151BA784A8009931F8 /* Release */ = {
			isa = XCBuildConfiguration;
			buildSettings = {
				BUNDLE_LOADER = "$(TEST_HOST)";
				INFOPLIST_FILE = FirstGithubTests/Info.plist;
				LD_RUNPATH_SEARCH_PATHS = "$(inherited) @executable_path/Frameworks @loader_path/Frameworks";
				PRODUCT_BUNDLE_IDENTIFIER = edu.rockvalleycollege.FirstGithubTests;
				PRODUCT_NAME = "$(TARGET_NAME)";
				TEST_HOST = "$(BUILT_PRODUCTS_DIR)/FirstGithub.app/FirstGithub";
			};
			name = Release;
		};
		4FDAB1171BA784A8009931F8 /* Debug */ = {
			isa = XCBuildConfiguration;
			buildSettings = {
				INFOPLIST_FILE = FirstGithubUITests/Info.plist;
				LD_RUNPATH_SEARCH_PATHS = "$(inherited) @executable_path/Frameworks @loader_path/Frameworks";
				PRODUCT_BUNDLE_IDENTIFIER = edu.rockvalleycollege.FirstGithubUITests;
				PRODUCT_NAME = "$(TARGET_NAME)";
				TEST_TARGET_NAME = FirstGithub;
				USES_XCTRUNNER = YES;
			};
			name = Debug;
		};
		4FDAB1181BA784A8009931F8 /* Release */ = {
			isa = XCBuildConfiguration;
			buildSettings = {
				INFOPLIST_FILE = FirstGithubUITests/Info.plist;
				LD_RUNPATH_SEARCH_PATHS = "$(inherited) @executable_path/Frameworks @loader_path/Frameworks";
				PRODUCT_BUNDLE_IDENTIFIER = edu.rockvalleycollege.FirstGithubUITests;
				PRODUCT_NAME = "$(TARGET_NAME)";
				TEST_TARGET_NAME = FirstGithub;
				USES_XCTRUNNER = YES;
			};
			name = Release;
		};
/* End XCBuildConfiguration section */

/* Begin XCConfigurationList section */
		4FDAB0E11BA784A8009931F8 /* Build configuration list for PBXProject "FirstGithub" */ = {
			isa = XCConfigurationList;
			buildConfigurations = (
				4FDAB10E1BA784A8009931F8 /* Debug */,
				4FDAB10F1BA784A8009931F8 /* Release */,
			);
			defaultConfigurationIsVisible = 0;
			defaultConfigurationName = Release;
		};
		4FDAB1101BA784A8009931F8 /* Build configuration list for PBXNativeTarget "FirstGithub" */ = {
			isa = XCConfigurationList;
			buildConfigurations = (
				4FDAB1111BA784A8009931F8 /* Debug */,
				4FDAB1121BA784A8009931F8 /* Release */,
			);
			defaultConfigurationIsVisible = 0;
		};
		4FDAB1131BA784A8009931F8 /* Build configuration list for PBXNativeTarget "FirstGithubTests" */ = {
			isa = XCConfigurationList;
			buildConfigurations = (
				4FDAB1141BA784A8009931F8 /* Debug */,
				4FDAB1151BA784A8009931F8 /* Release */,
			);
			defaultConfigurationIsVisible = 0;
		};
		4FDAB1161BA784A8009931F8 /* Build configuration list for PBXNativeTarget "FirstGithubUITests" */ = {
			isa = XCConfigurationList;
			buildConfigurations = (
				4FDAB1171BA784A8009931F8 /* Debug */,
				4FDAB1181BA784A8009931F8 /* Release */,
			);
			defaultConfigurationIsVisible = 0;
		};
/* End XCConfigurationList section */
	};
	rootObject = 4FDAB0DE1BA784A8009931F8 /* Project object */;
}
